// !$*UTF8*$!
{
	archiveVersion = 1;
	classes = {
	};
	objectVersion = 51;
	objects = {

/* Begin PBXBuildFile section */
		2C8B79E907A0C9B9C2648F7D /* Pods_Salesforce_OAuth_Demo.framework in Frameworks */ = {isa = PBXBuildFile; fileRef = 525E051476B36C43F7D5260C /* Pods_Salesforce_OAuth_Demo.framework */; };
		903D456B242DC385007BD872 /* AppDelegate.swift in Sources */ = {isa = PBXBuildFile; fileRef = 903D456A242DC385007BD872 /* AppDelegate.swift */; };
		903D456D242DC385007BD872 /* SceneDelegate.swift in Sources */ = {isa = PBXBuildFile; fileRef = 903D456C242DC385007BD872 /* SceneDelegate.swift */; };
		903D4572242DC385007BD872 /* Main.storyboard in Resources */ = {isa = PBXBuildFile; fileRef = 903D4570242DC385007BD872 /* Main.storyboard */; };
		903D4574242DC387007BD872 /* Assets.xcassets in Resources */ = {isa = PBXBuildFile; fileRef = 903D4573242DC387007BD872 /* Assets.xcassets */; };
		903D4577242DC387007BD872 /* LaunchScreen.storyboard in Resources */ = {isa = PBXBuildFile; fileRef = 903D4575242DC387007BD872 /* LaunchScreen.storyboard */; };
		903D4582242DC387007BD872 /* Salesforce_OAuth_DemoTests.swift in Sources */ = {isa = PBXBuildFile; fileRef = 903D4581242DC387007BD872 /* Salesforce_OAuth_DemoTests.swift */; };
		903D458D242E215C007BD872 /* RootViewController.swift in Sources */ = {isa = PBXBuildFile; fileRef = 903D458C242E215C007BD872 /* RootViewController.swift */; };
		903D458F242E2F42007BD872 /* bootconfig.plist in Resources */ = {isa = PBXBuildFile; fileRef = 903D458E242E2F42007BD872 /* bootconfig.plist */; };
		929C34053B45E951395E9656 /* Pods_Salesforce_OAuth_DemoTests.framework in Frameworks */ = {isa = PBXBuildFile; fileRef = E3016BBFB6B3903DDD5FF90D /* Pods_Salesforce_OAuth_DemoTests.framework */; };
/* End PBXBuildFile section */

/* Begin PBXContainerItemProxy section */
		903D457E242DC387007BD872 /* PBXContainerItemProxy */ = {
			isa = PBXContainerItemProxy;
			containerPortal = 903D455F242DC384007BD872 /* Project object */;
			proxyType = 1;
			remoteGlobalIDString = 903D4566242DC385007BD872;
			remoteInfo = "Salesforce OAuth Demo";
		};
/* End PBXContainerItemProxy section */

/* Begin PBXFileReference section */
		2C40A5FEBB7E6EE222E50BB7 /* Pods-Salesforce OAuth DemoTests.debug.xcconfig */ = {isa = PBXFileReference; includeInIndex = 1; lastKnownFileType = text.xcconfig; name = "Pods-Salesforce OAuth DemoTests.debug.xcconfig"; path = "Target Support Files/Pods-Salesforce OAuth DemoTests/Pods-Salesforce OAuth DemoTests.debug.xcconfig"; sourceTree = "<group>"; };
		525E051476B36C43F7D5260C /* Pods_Salesforce_OAuth_Demo.framework */ = {isa = PBXFileReference; explicitFileType = wrapper.framework; includeInIndex = 0; path = Pods_Salesforce_OAuth_Demo.framework; sourceTree = BUILT_PRODUCTS_DIR; };
		72FB68A290943F804EE4CC1C /* Pods-Salesforce OAuth Demo.release.xcconfig */ = {isa = PBXFileReference; includeInIndex = 1; lastKnownFileType = text.xcconfig; name = "Pods-Salesforce OAuth Demo.release.xcconfig"; path = "Target Support Files/Pods-Salesforce OAuth Demo/Pods-Salesforce OAuth Demo.release.xcconfig"; sourceTree = "<group>"; };
		77CAA65F6C41764C89E73EE9 /* Pods-Salesforce OAuth DemoTests.release.xcconfig */ = {isa = PBXFileReference; includeInIndex = 1; lastKnownFileType = text.xcconfig; name = "Pods-Salesforce OAuth DemoTests.release.xcconfig"; path = "Target Support Files/Pods-Salesforce OAuth DemoTests/Pods-Salesforce OAuth DemoTests.release.xcconfig"; sourceTree = "<group>"; };
		903D4567242DC385007BD872 /* Salesforce OAuth Demo.app */ = {isa = PBXFileReference; explicitFileType = wrapper.application; includeInIndex = 0; path = "Salesforce OAuth Demo.app"; sourceTree = BUILT_PRODUCTS_DIR; };
		903D456A242DC385007BD872 /* AppDelegate.swift */ = {isa = PBXFileReference; lastKnownFileType = sourcecode.swift; path = AppDelegate.swift; sourceTree = "<group>"; };
		903D456C242DC385007BD872 /* SceneDelegate.swift */ = {isa = PBXFileReference; lastKnownFileType = sourcecode.swift; path = SceneDelegate.swift; sourceTree = "<group>"; };
		903D4571242DC385007BD872 /* Base */ = {isa = PBXFileReference; lastKnownFileType = file.storyboard; name = Base; path = Base.lproj/Main.storyboard; sourceTree = "<group>"; };
		903D4573242DC387007BD872 /* Assets.xcassets */ = {isa = PBXFileReference; lastKnownFileType = folder.assetcatalog; path = Assets.xcassets; sourceTree = "<group>"; };
		903D4576242DC387007BD872 /* Base */ = {isa = PBXFileReference; lastKnownFileType = file.storyboard; name = Base; path = Base.lproj/LaunchScreen.storyboard; sourceTree = "<group>"; };
		903D4578242DC387007BD872 /* Info.plist */ = {isa = PBXFileReference; lastKnownFileType = text.plist.xml; path = Info.plist; sourceTree = "<group>"; };
		903D457D242DC387007BD872 /* Salesforce OAuth DemoTests.xctest */ = {isa = PBXFileReference; explicitFileType = wrapper.cfbundle; includeInIndex = 0; path = "Salesforce OAuth DemoTests.xctest"; sourceTree = BUILT_PRODUCTS_DIR; };
		903D4581242DC387007BD872 /* Salesforce_OAuth_DemoTests.swift */ = {isa = PBXFileReference; lastKnownFileType = sourcecode.swift; path = Salesforce_OAuth_DemoTests.swift; sourceTree = "<group>"; };
		903D4583242DC387007BD872 /* Info.plist */ = {isa = PBXFileReference; lastKnownFileType = text.plist.xml; path = Info.plist; sourceTree = "<group>"; };
		903D458C242E215C007BD872 /* RootViewController.swift */ = {isa = PBXFileReference; lastKnownFileType = sourcecode.swift; path = RootViewController.swift; sourceTree = "<group>"; };
		903D458E242E2F42007BD872 /* bootconfig.plist */ = {isa = PBXFileReference; fileEncoding = 4; lastKnownFileType = text.plist.xml; path = bootconfig.plist; sourceTree = "<group>"; };
		A20771703A001EFDC484BFE5 /* Pods-Salesforce OAuth Demo.debug.xcconfig */ = {isa = PBXFileReference; includeInIndex = 1; lastKnownFileType = text.xcconfig; name = "Pods-Salesforce OAuth Demo.debug.xcconfig"; path = "Target Support Files/Pods-Salesforce OAuth Demo/Pods-Salesforce OAuth Demo.debug.xcconfig"; sourceTree = "<group>"; };
		E3016BBFB6B3903DDD5FF90D /* Pods_Salesforce_OAuth_DemoTests.framework */ = {isa = PBXFileReference; explicitFileType = wrapper.framework; includeInIndex = 0; path = Pods_Salesforce_OAuth_DemoTests.framework; sourceTree = BUILT_PRODUCTS_DIR; };
/* End PBXFileReference section */

/* Begin PBXFrameworksBuildPhase section */
		903D4564242DC385007BD872 /* Frameworks */ = {
			isa = PBXFrameworksBuildPhase;
			buildActionMask = 2147483647;
			files = (
				2C8B79E907A0C9B9C2648F7D /* Pods_Salesforce_OAuth_Demo.framework in Frameworks */,
			);
			runOnlyForDeploymentPostprocessing = 0;
		};
		903D457A242DC387007BD872 /* Frameworks */ = {
			isa = PBXFrameworksBuildPhase;
			buildActionMask = 2147483647;
			files = (
				929C34053B45E951395E9656 /* Pods_Salesforce_OAuth_DemoTests.framework in Frameworks */,
			);
			runOnlyForDeploymentPostprocessing = 0;
		};
/* End PBXFrameworksBuildPhase section */

/* Begin PBXGroup section */
		687377B1020DD41C6F2D75AB /* Pods */ = {
			isa = PBXGroup;
			children = (
				A20771703A001EFDC484BFE5 /* Pods-Salesforce OAuth Demo.debug.xcconfig */,
				72FB68A290943F804EE4CC1C /* Pods-Salesforce OAuth Demo.release.xcconfig */,
				2C40A5FEBB7E6EE222E50BB7 /* Pods-Salesforce OAuth DemoTests.debug.xcconfig */,
				77CAA65F6C41764C89E73EE9 /* Pods-Salesforce OAuth DemoTests.release.xcconfig */,
			);
			path = Pods;
			sourceTree = "<group>";
		};
		71B5AFAD941DFA1309C44147 /* Frameworks */ = {
			isa = PBXGroup;
			children = (
				525E051476B36C43F7D5260C /* Pods_Salesforce_OAuth_Demo.framework */,
				E3016BBFB6B3903DDD5FF90D /* Pods_Salesforce_OAuth_DemoTests.framework */,
			);
			name = Frameworks;
			sourceTree = "<group>";
		};
		903D455E242DC384007BD872 = {
			isa = PBXGroup;
			children = (
				903D4569242DC385007BD872 /* Salesforce OAuth Demo */,
				903D4580242DC387007BD872 /* Salesforce OAuth DemoTests */,
				903D4568242DC385007BD872 /* Products */,
				687377B1020DD41C6F2D75AB /* Pods */,
				71B5AFAD941DFA1309C44147 /* Frameworks */,
			);
			sourceTree = "<group>";
		};
		903D4568242DC385007BD872 /* Products */ = {
			isa = PBXGroup;
			children = (
				903D4567242DC385007BD872 /* Salesforce OAuth Demo.app */,
				903D457D242DC387007BD872 /* Salesforce OAuth DemoTests.xctest */,
			);
			name = Products;
			sourceTree = "<group>";
		};
		903D4569242DC385007BD872 /* Salesforce OAuth Demo */ = {
			isa = PBXGroup;
			children = (
				903D456A242DC385007BD872 /* AppDelegate.swift */,
				903D456C242DC385007BD872 /* SceneDelegate.swift */,
				903D4570242DC385007BD872 /* Main.storyboard */,
				903D4573242DC387007BD872 /* Assets.xcassets */,
				903D4575242DC387007BD872 /* LaunchScreen.storyboard */,
				903D4578242DC387007BD872 /* Info.plist */,
				903D458E242E2F42007BD872 /* bootconfig.plist */,
				903D458C242E215C007BD872 /* RootViewController.swift */,
			);
			path = "Salesforce OAuth Demo";
			sourceTree = "<group>";
		};
		903D4580242DC387007BD872 /* Salesforce OAuth DemoTests */ = {
			isa = PBXGroup;
			children = (
				903D4581242DC387007BD872 /* Salesforce_OAuth_DemoTests.swift */,
				903D4583242DC387007BD872 /* Info.plist */,
			);
			path = "Salesforce OAuth DemoTests";
			sourceTree = "<group>";
		};
/* End PBXGroup section */

/* Begin PBXNativeTarget section */
		903D4566242DC385007BD872 /* Salesforce OAuth Demo */ = {
			isa = PBXNativeTarget;
			buildConfigurationList = 903D4586242DC387007BD872 /* Build configuration list for PBXNativeTarget "Salesforce OAuth Demo" */;
			buildPhases = (
				3765F1BA2DBAD71FE2274815 /* [CP] Check Pods Manifest.lock */,
				903D4563242DC385007BD872 /* Sources */,
				903D4564242DC385007BD872 /* Frameworks */,
				903D4565242DC385007BD872 /* Resources */,
				9973E93FD38615AD92DEACD1 /* [CP] Embed Pods Frameworks */,
			);
			buildRules = (
			);
			dependencies = (
			);
			name = "Salesforce OAuth Demo";
			productName = "Salesforce OAuth Demo";
			productReference = 903D4567242DC385007BD872 /* Salesforce OAuth Demo.app */;
			productType = "com.apple.product-type.application";
		};
		903D457C242DC387007BD872 /* Salesforce OAuth DemoTests */ = {
			isa = PBXNativeTarget;
			buildConfigurationList = 903D4589242DC387007BD872 /* Build configuration list for PBXNativeTarget "Salesforce OAuth DemoTests" */;
			buildPhases = (
				66D3213813A49E56FE67BFB9 /* [CP] Check Pods Manifest.lock */,
				903D4579242DC387007BD872 /* Sources */,
				903D457A242DC387007BD872 /* Frameworks */,
				903D457B242DC387007BD872 /* Resources */,
			);
			buildRules = (
			);
			dependencies = (
				903D457F242DC387007BD872 /* PBXTargetDependency */,
			);
			name = "Salesforce OAuth DemoTests";
			productName = "Salesforce OAuth DemoTests";
			productReference = 903D457D242DC387007BD872 /* Salesforce OAuth DemoTests.xctest */;
			productType = "com.apple.product-type.bundle.unit-test";
		};
/* End PBXNativeTarget section */

/* Begin PBXProject section */
		903D455F242DC384007BD872 /* Project object */ = {
			isa = PBXProject;
			attributes = {
				LastSwiftUpdateCheck = 1130;
				LastUpgradeCheck = 1130;
				ORGANIZATIONNAME = "Ashutosh Dave";
				TargetAttributes = {
					903D4566242DC385007BD872 = {
						CreatedOnToolsVersion = 11.3.1;
					};
					903D457C242DC387007BD872 = {
						CreatedOnToolsVersion = 11.3.1;
						TestTargetID = 903D4566242DC385007BD872;
					};
				};
			};
			buildConfigurationList = 903D4562242DC384007BD872 /* Build configuration list for PBXProject "Salesforce OAuth Demo" */;
			compatibilityVersion = "Xcode 9.3";
			developmentRegion = en;
			hasScannedForEncodings = 0;
			knownRegions = (
				en,
				Base,
			);
			mainGroup = 903D455E242DC384007BD872;
			productRefGroup = 903D4568242DC385007BD872 /* Products */;
			projectDirPath = "";
			projectRoot = "";
			targets = (
				903D4566242DC385007BD872 /* Salesforce OAuth Demo */,
				903D457C242DC387007BD872 /* Salesforce OAuth DemoTests */,
			);
		};
/* End PBXProject section */

/* Begin PBXResourcesBuildPhase section */
		903D4565242DC385007BD872 /* Resources */ = {
			isa = PBXResourcesBuildPhase;
			buildActionMask = 2147483647;
			files = (
				903D458F242E2F42007BD872 /* bootconfig.plist in Resources */,
				903D4577242DC387007BD872 /* LaunchScreen.storyboard in Resources */,
				903D4574242DC387007BD872 /* Assets.xcassets in Resources */,
				903D4572242DC385007BD872 /* Main.storyboard in Resources */,
			);
			runOnlyForDeploymentPostprocessing = 0;
		};
		903D457B242DC387007BD872 /* Resources */ = {
			isa = PBXResourcesBuildPhase;
			buildActionMask = 2147483647;
			files = (
			);
			runOnlyForDeploymentPostprocessing = 0;
		};
/* End PBXResourcesBuildPhase section */

/* Begin PBXShellScriptBuildPhase section */
		3765F1BA2DBAD71FE2274815 /* [CP] Check Pods Manifest.lock */ = {
			isa = PBXShellScriptBuildPhase;
			buildActionMask = 2147483647;
			files = (
			);
			inputFileListPaths = (
			);
			inputPaths = (
				"${PODS_PODFILE_DIR_PATH}/Podfile.lock",
				"${PODS_ROOT}/Manifest.lock",
			);
			name = "[CP] Check Pods Manifest.lock";
			outputFileListPaths = (
			);
			outputPaths = (
				"$(DERIVED_FILE_DIR)/Pods-Salesforce OAuth Demo-checkManifestLockResult.txt",
			);
			runOnlyForDeploymentPostprocessing = 0;
			shellPath = /bin/sh;
			shellScript = "diff \"${PODS_PODFILE_DIR_PATH}/Podfile.lock\" \"${PODS_ROOT}/Manifest.lock\" > /dev/null\nif [ $? != 0 ] ; then\n    # print error to STDERR\n    echo \"error: The sandbox is not in sync with the Podfile.lock. Run 'pod install' or update your CocoaPods installation.\" >&2\n    exit 1\nfi\n# This output is used by Xcode 'outputs' to avoid re-running this script phase.\necho \"SUCCESS\" > \"${SCRIPT_OUTPUT_FILE_0}\"\n";
			showEnvVarsInLog = 0;
		};
		66D3213813A49E56FE67BFB9 /* [CP] Check Pods Manifest.lock */ = {
			isa = PBXShellScriptBuildPhase;
			buildActionMask = 2147483647;
			files = (
			);
			inputFileListPaths = (
			);
			inputPaths = (
				"${PODS_PODFILE_DIR_PATH}/Podfile.lock",
				"${PODS_ROOT}/Manifest.lock",
			);
			name = "[CP] Check Pods Manifest.lock";
			outputFileListPaths = (
			);
			outputPaths = (
				"$(DERIVED_FILE_DIR)/Pods-Salesforce OAuth DemoTests-checkManifestLockResult.txt",
			);
			runOnlyForDeploymentPostprocessing = 0;
			shellPath = /bin/sh;
			shellScript = "diff \"${PODS_PODFILE_DIR_PATH}/Podfile.lock\" \"${PODS_ROOT}/Manifest.lock\" > /dev/null\nif [ $? != 0 ] ; then\n    # print error to STDERR\n    echo \"error: The sandbox is not in sync with the Podfile.lock. Run 'pod install' or update your CocoaPods installation.\" >&2\n    exit 1\nfi\n# This output is used by Xcode 'outputs' to avoid re-running this script phase.\necho \"SUCCESS\" > \"${SCRIPT_OUTPUT_FILE_0}\"\n";
			showEnvVarsInLog = 0;
		};
		9973E93FD38615AD92DEACD1 /* [CP] Embed Pods Frameworks */ = {
			isa = PBXShellScriptBuildPhase;
			buildActionMask = 2147483647;
			files = (
			);
			inputFileListPaths = (
				"${PODS_ROOT}/Target Support Files/Pods-Salesforce OAuth Demo/Pods-Salesforce OAuth Demo-frameworks-${CONFIGURATION}-input-files.xcfilelist",
			);
			name = "[CP] Embed Pods Frameworks";
			outputFileListPaths = (
				"${PODS_ROOT}/Target Support Files/Pods-Salesforce OAuth Demo/Pods-Salesforce OAuth Demo-frameworks-${CONFIGURATION}-output-files.xcfilelist",
			);
			runOnlyForDeploymentPostprocessing = 0;
			shellPath = /bin/sh;
			shellScript = "\"${PODS_ROOT}/Target Support Files/Pods-Salesforce OAuth Demo/Pods-Salesforce OAuth Demo-frameworks.sh\"\n";
			showEnvVarsInLog = 0;
		};
/* End PBXShellScriptBuildPhase section */

/* Begin PBXSourcesBuildPhase section */
		903D4563242DC385007BD872 /* Sources */ = {
			isa = PBXSourcesBuildPhase;
			buildActionMask = 2147483647;
			files = (
				903D456B242DC385007BD872 /* AppDelegate.swift in Sources */,
				903D456D242DC385007BD872 /* SceneDelegate.swift in Sources */,
				903D458D242E215C007BD872 /* RootViewController.swift in Sources */,
			);
			runOnlyForDeploymentPostprocessing = 0;
		};
		903D4579242DC387007BD872 /* Sources */ = {
			isa = PBXSourcesBuildPhase;
			buildActionMask = 2147483647;
			files = (
				903D4582242DC387007BD872 /* Salesforce_OAuth_DemoTests.swift in Sources */,
			);
			runOnlyForDeploymentPostprocessing = 0;
		};
/* End PBXSourcesBuildPhase section */

/* Begin PBXTargetDependency section */
		903D457F242DC387007BD872 /* PBXTargetDependency */ = {
			isa = PBXTargetDependency;
			target = 903D4566242DC385007BD872 /* Salesforce OAuth Demo */;
			targetProxy = 903D457E242DC387007BD872 /* PBXContainerItemProxy */;
		};
/* End PBXTargetDependency section */

/* Begin PBXVariantGroup section */
		903D4570242DC385007BD872 /* Main.storyboard */ = {
			isa = PBXVariantGroup;
			children = (
				903D4571242DC385007BD872 /* Base */,
			);
			name = Main.storyboard;
			sourceTree = "<group>";
		};
		903D4575242DC387007BD872 /* LaunchScreen.storyboard */ = {
			isa = PBXVariantGroup;
			children = (
				903D4576242DC387007BD872 /* Base */,
			);
			name = LaunchScreen.storyboard;
			sourceTree = "<group>";
		};
/* End PBXVariantGroup section */

/* Begin XCBuildConfiguration section */
		903D4584242DC387007BD872 /* Debug */ = {
			isa = XCBuildConfiguration;
			buildSettings = {
				ALWAYS_SEARCH_USER_PATHS = NO;
				CLANG_ANALYZER_NONNULL = YES;
				CLANG_ANALYZER_NUMBER_OBJECT_CONVERSION = YES_AGGRESSIVE;
				CLANG_CXX_LANGUAGE_STANDARD = "gnu++14";
				CLANG_CXX_LIBRARY = "libc++";
				CLANG_ENABLE_MODULES = YES;
				CLANG_ENABLE_OBJC_ARC = YES;
				CLANG_ENABLE_OBJC_WEAK = YES;
				CLANG_WARN_BLOCK_CAPTURE_AUTORELEASING = YES;
				CLANG_WARN_BOOL_CONVERSION = YES;
				CLANG_WARN_COMMA = YES;
				CLANG_WARN_CONSTANT_CONVERSION = YES;
				CLANG_WARN_DEPRECATED_OBJC_IMPLEMENTATIONS = YES;
				CLANG_WARN_DIRECT_OBJC_ISA_USAGE = YES_ERROR;
				CLANG_WARN_DOCUMENTATION_COMMENTS = YES;
				CLANG_WARN_EMPTY_BODY = YES;
				CLANG_WARN_ENUM_CONVERSION = YES;
				CLANG_WARN_INFINITE_RECURSION = YES;
				CLANG_WARN_INT_CONVERSION = YES;
				CLANG_WARN_NON_LITERAL_NULL_CONVERSION = YES;
				CLANG_WARN_OBJC_IMPLICIT_RETAIN_SELF = YES;
				CLANG_WARN_OBJC_LITERAL_CONVERSION = YES;
				CLANG_WARN_OBJC_ROOT_CLASS = YES_ERROR;
				CLANG_WARN_RANGE_LOOP_ANALYSIS = YES;
				CLANG_WARN_STRICT_PROTOTYPES = YES;
				CLANG_WARN_SUSPICIOUS_MOVE = YES;
				CLANG_WARN_UNGUARDED_AVAILABILITY = YES_AGGRESSIVE;
				CLANG_WARN_UNREACHABLE_CODE = YES;
				CLANG_WARN__DUPLICATE_METHOD_MATCH = YES;
				COPY_PHASE_STRIP = NO;
				DEBUG_INFORMATION_FORMAT = dwarf;
				ENABLE_STRICT_OBJC_MSGSEND = YES;
				ENABLE_TESTABILITY = YES;
				GCC_C_LANGUAGE_STANDARD = gnu11;
				GCC_DYNAMIC_NO_PIC = NO;
				GCC_NO_COMMON_BLOCKS = YES;
				GCC_OPTIMIZATION_LEVEL = 0;
				GCC_PREPROCESSOR_DEFINITIONS = (
					"DEBUG=1",
					"$(inherited)",
				);
				GCC_WARN_64_TO_32_BIT_CONVERSION = YES;
				GCC_WARN_ABOUT_RETURN_TYPE = YES_ERROR;
				GCC_WARN_UNDECLARED_SELECTOR = YES;
				GCC_WARN_UNINITIALIZED_AUTOS = YES_AGGRESSIVE;
				GCC_WARN_UNUSED_FUNCTION = YES;
				GCC_WARN_UNUSED_VARIABLE = YES;
				IPHONEOS_DEPLOYMENT_TARGET = 13.2;
				MTL_ENABLE_DEBUG_INFO = INCLUDE_SOURCE;
				MTL_FAST_MATH = YES;
				ONLY_ACTIVE_ARCH = YES;
				SDKROOT = iphoneos;
				SWIFT_ACTIVE_COMPILATION_CONDITIONS = DEBUG;
				SWIFT_OPTIMIZATION_LEVEL = "-Onone";
			};
			name = Debug;
		};
		903D4585242DC387007BD872 /* Release */ = {
			isa = XCBuildConfiguration;
			buildSettings = {
				ALWAYS_SEARCH_USER_PATHS = NO;
				CLANG_ANALYZER_NONNULL = YES;
				CLANG_ANALYZER_NUMBER_OBJECT_CONVERSION = YES_AGGRESSIVE;
				CLANG_CXX_LANGUAGE_STANDARD = "gnu++14";
				CLANG_CXX_LIBRARY = "libc++";
				CLANG_ENABLE_MODULES = YES;
				CLANG_ENABLE_OBJC_ARC = YES;
				CLANG_ENABLE_OBJC_WEAK = YES;
				CLANG_WARN_BLOCK_CAPTURE_AUTORELEASING = YES;
				CLANG_WARN_BOOL_CONVERSION = YES;
				CLANG_WARN_COMMA = YES;
				CLANG_WARN_CONSTANT_CONVERSION = YES;
				CLANG_WARN_DEPRECATED_OBJC_IMPLEMENTATIONS = YES;
				CLANG_WARN_DIRECT_OBJC_ISA_USAGE = YES_ERROR;
				CLANG_WARN_DOCUMENTATION_COMMENTS = YES;
				CLANG_WARN_EMPTY_BODY = YES;
				CLANG_WARN_ENUM_CONVERSION = YES;
				CLANG_WARN_INFINITE_RECURSION = YES;
				CLANG_WARN_INT_CONVERSION = YES;
				CLANG_WARN_NON_LITERAL_NULL_CONVERSION = YES;
				CLANG_WARN_OBJC_IMPLICIT_RETAIN_SELF = YES;
				CLANG_WARN_OBJC_LITERAL_CONVERSION = YES;
				CLANG_WARN_OBJC_ROOT_CLASS = YES_ERROR;
				CLANG_WARN_RANGE_LOOP_ANALYSIS = YES;
				CLANG_WARN_STRICT_PROTOTYPES = YES;
				CLANG_WARN_SUSPICIOUS_MOVE = YES;
				CLANG_WARN_UNGUARDED_AVAILABILITY = YES_AGGRESSIVE;
				CLANG_WARN_UNREACHABLE_CODE = YES;
				CLANG_WARN__DUPLICATE_METHOD_MATCH = YES;
				COPY_PHASE_STRIP = NO;
				DEBUG_INFORMATION_FORMAT = "dwarf-with-dsym";
				ENABLE_NS_ASSERTIONS = NO;
				ENABLE_STRICT_OBJC_MSGSEND = YES;
				GCC_C_LANGUAGE_STANDARD = gnu11;
				GCC_NO_COMMON_BLOCKS = YES;
				GCC_WARN_64_TO_32_BIT_CONVERSION = YES;
				GCC_WARN_ABOUT_RETURN_TYPE = YES_ERROR;
				GCC_WARN_UNDECLARED_SELECTOR = YES;
				GCC_WARN_UNINITIALIZED_AUTOS = YES_AGGRESSIVE;
				GCC_WARN_UNUSED_FUNCTION = YES;
				GCC_WARN_UNUSED_VARIABLE = YES;
				IPHONEOS_DEPLOYMENT_TARGET = 13.2;
				MTL_ENABLE_DEBUG_INFO = NO;
				MTL_FAST_MATH = YES;
				SDKROOT = iphoneos;
				SWIFT_COMPILATION_MODE = wholemodule;
				SWIFT_OPTIMIZATION_LEVEL = "-O";
				VALIDATE_PRODUCT = YES;
			};
			name = Release;
		};
		903D4587242DC387007BD872 /* Debug */ = {
			isa = XCBuildConfiguration;
			baseConfigurationReference = A20771703A001EFDC484BFE5 /* Pods-Salesforce OAuth Demo.debug.xcconfig */;
			buildSettings = {
				ASSETCATALOG_COMPILER_APPICON_NAME = AppIcon;
				CODE_SIGN_STYLE = Automatic;
				DEVELOPMENT_TEAM = K47M74PBNB;
				INFOPLIST_FILE = "Salesforce OAuth Demo/Info.plist";
				IPHONEOS_DEPLOYMENT_TARGET = 12.4;
				LD_RUNPATH_SEARCH_PATHS = (
					"$(inherited)",
					"@executable_path/Frameworks",
				);
				PRODUCT_BUNDLE_IDENTIFIER = com.ashutosh.demo;
				PRODUCT_NAME = "$(TARGET_NAME)";
				SWIFT_VERSION = 5.0;
				TARGETED_DEVICE_FAMILY = "1,2";
			};
			name = Debug;
		};
		903D4588242DC387007BD872 /* Release */ = {
			isa = XCBuildConfiguration;
			baseConfigurationReference = 72FB68A290943F804EE4CC1C /* Pods-Salesforce OAuth Demo.release.xcconfig */;
			buildSettings = {
				ASSETCATALOG_COMPILER_APPICON_NAME = AppIcon;
				CODE_SIGN_STYLE = Automatic;
				DEVELOPMENT_TEAM = K47M74PBNB;
				INFOPLIST_FILE = "Salesforce OAuth Demo/Info.plist";
				IPHONEOS_DEPLOYMENT_TARGET = 12.4;
				LD_RUNPATH_SEARCH_PATHS = (
					"$(inherited)",
					"@executable_path/Frameworks",
				);
				PRODUCT_BUNDLE_IDENTIFIER = com.ashutosh.demo;
				PRODUCT_NAME = "$(TARGET_NAME)";
				SWIFT_VERSION = 5.0;
				TARGETED_DEVICE_FAMILY = "1,2";
			};
			name = Release;
		};
		903D458A242DC387007BD872 /* Debug */ = {
			isa = XCBuildConfiguration;
			baseConfigurationReference = 2C40A5FEBB7E6EE222E50BB7 /* Pods-Salesforce OAuth DemoTests.debug.xcconfig */;
			buildSettings = {
				ALWAYS_EMBED_SWIFT_STANDARD_LIBRARIES = YES;
				BUNDLE_LOADER = "$(TEST_HOST)";
				CODE_SIGN_STYLE = Automatic;
				DEVELOPMENT_TEAM = K47M74PBNB;
				INFOPLIST_FILE = "Salesforce OAuth DemoTests/Info.plist";
				IPHONEOS_DEPLOYMENT_TARGET = 13.2;
				LD_RUNPATH_SEARCH_PATHS = (
					"$(inherited)",
					"@executable_path/Frameworks",
					"@loader_path/Frameworks",
				);
				PRODUCT_BUNDLE_IDENTIFIER = "com.ashutosh.Salesforce-OAuth-DemoTests";
				PRODUCT_NAME = "$(TARGET_NAME)";
				SWIFT_VERSION = 5.0;
				TARGETED_DEVICE_FAMILY = "1,2";
				TEST_HOST = "$(BUILT_PRODUCTS_DIR)/Salesforce OAuth Demo.app/Salesforce OAuth Demo";
			};
			name = Debug;
		};
		903D458B242DC387007BD872 /* Release */ = {
			isa = XCBuildConfiguration;
			baseConfigurationReference = 77CAA65F6C41764C89E73EE9 /* Pods-Salesforce OAuth DemoTests.release.xcconfig */;
			buildSettings = {
				ALWAYS_EMBED_SWIFT_STANDARD_LIBRARIES = YES;
				BUNDLE_LOADER = "$(TEST_HOST)";
				CODE_SIGN_STYLE = Automatic;
				DEVELOPMENT_TEAM = K47M74PBNB;
				INFOPLIST_FILE = "Salesforce OAuth DemoTests/Info.plist";
				IPHONEOS_DEPLOYMENT_TARGET = 13.2;
				LD_RUNPATH_SEARCH_PATHS = (
					"$(inherited)",
					"@executable_path/Frameworks",
					"@loader_path/Frameworks",
				);
				PRODUCT_BUNDLE_IDENTIFIER = "com.ashutosh.Salesforce-OAuth-DemoTests";
				PRODUCT_NAME = "$(TARGET_NAME)";
				SWIFT_VERSION = 5.0;
				TARGETED_DEVICE_FAMILY = "1,2";
				TEST_HOST = "$(BUILT_PRODUCTS_DIR)/Salesforce OAuth Demo.app/Salesforce OAuth Demo";
			};
			name = Release;
		};
/* End XCBuildConfiguration section */

/* Begin XCConfigurationList section */
		903D4562242DC384007BD872 /* Build configuration list for PBXProject "Salesforce OAuth Demo" */ = {
			isa = XCConfigurationList;
			buildConfigurations = (
				903D4584242DC387007BD872 /* Debug */,
				903D4585242DC387007BD872 /* Release */,
			);
			defaultConfigurationIsVisible = 0;
			defaultConfigurationName = Release;
		};
		903D4586242DC387007BD872 /* Build configuration list for PBXNativeTarget "Salesforce OAuth Demo" */ = {
			isa = XCConfigurationList;
			buildConfigurations = (
				903D4587242DC387007BD872 /* Debug */,
				903D4588242DC387007BD872 /* Release */,
			);
			defaultConfigurationIsVisible = 0;
			defaultConfigurationName = Release;
		};
		903D4589242DC387007BD872 /* Build configuration list for PBXNativeTarget "Salesforce OAuth DemoTests" */ = {
			isa = XCConfigurationList;
			buildConfigurations = (
				903D458A242DC387007BD872 /* Debug */,
				903D458B242DC387007BD872 /* Release */,
			);
			defaultConfigurationIsVisible = 0;
			defaultConfigurationName = Release;
		};
/* End XCConfigurationList section */
	};
	rootObject = 903D455F242DC384007BD872 /* Project object */;
}
