// !$*UTF8*$!
{
	archiveVersion = 1;
	classes = {
	};
	objectVersion = 50;
	objects = {

/* Begin PBXBuildFile section */
		1CFA62013FCAF455CB794690 /* Pods_ChatbotTestAppTests.framework in Frameworks */ = {isa = PBXBuildFile; fileRef = F53F1708BBCB37ADAAD81580 /* Pods_ChatbotTestAppTests.framework */; };
		9010203B243354F80049735A /* AppDelegate.swift in Sources */ = {isa = PBXBuildFile; fileRef = 9010203A243354F80049735A /* AppDelegate.swift */; };
		9010203D243354F80049735A /* SceneDelegate.swift in Sources */ = {isa = PBXBuildFile; fileRef = 9010203C243354F80049735A /* SceneDelegate.swift */; };
		9010203F243354F80049735A /* ViewController.swift in Sources */ = {isa = PBXBuildFile; fileRef = 9010203E243354F80049735A /* ViewController.swift */; };
		90102042243354F80049735A /* Main.storyboard in Resources */ = {isa = PBXBuildFile; fileRef = 90102040243354F80049735A /* Main.storyboard */; };
		90102044243355040049735A /* Assets.xcassets in Resources */ = {isa = PBXBuildFile; fileRef = 90102043243355040049735A /* Assets.xcassets */; };
		90102047243355040049735A /* LaunchScreen.storyboard in Resources */ = {isa = PBXBuildFile; fileRef = 90102045243355040049735A /* LaunchScreen.storyboard */; };
		90102052243355040049735A /* ChatbotTestAppTests.swift in Sources */ = {isa = PBXBuildFile; fileRef = 90102051243355040049735A /* ChatbotTestAppTests.swift */; };
		D35B8F875245302D0AD3A56E /* Pods_ChatbotTestApp.framework in Frameworks */ = {isa = PBXBuildFile; fileRef = 9351BF9E80186127FB9A4E71 /* Pods_ChatbotTestApp.framework */; };
/* End PBXBuildFile section */

/* Begin PBXContainerItemProxy section */
		9010204E243355040049735A /* PBXContainerItemProxy */ = {
			isa = PBXContainerItemProxy;
			containerPortal = 9010202F243354F80049735A /* Project object */;
			proxyType = 1;
			remoteGlobalIDString = 90102036243354F80049735A;
			remoteInfo = ChatbotTestApp;
		};
/* End PBXContainerItemProxy section */

/* Begin PBXFileReference section */
		2D8CE248B12141B9614FAD7A /* Pods-ChatbotTestApp.release.xcconfig */ = {isa = PBXFileReference; includeInIndex = 1; lastKnownFileType = text.xcconfig; name = "Pods-ChatbotTestApp.release.xcconfig"; path = "Target Support Files/Pods-ChatbotTestApp/Pods-ChatbotTestApp.release.xcconfig"; sourceTree = "<group>"; };
		406E43727595F9A6771621B5 /* Pods-ChatbotTestAppTests.debug.xcconfig */ = {isa = PBXFileReference; includeInIndex = 1; lastKnownFileType = text.xcconfig; name = "Pods-ChatbotTestAppTests.debug.xcconfig"; path = "Target Support Files/Pods-ChatbotTestAppTests/Pods-ChatbotTestAppTests.debug.xcconfig"; sourceTree = "<group>"; };
		90102037243354F80049735A /* ChatbotTestApp.app */ = {isa = PBXFileReference; explicitFileType = wrapper.application; includeInIndex = 0; path = ChatbotTestApp.app; sourceTree = BUILT_PRODUCTS_DIR; };
		9010203A243354F80049735A /* AppDelegate.swift */ = {isa = PBXFileReference; lastKnownFileType = sourcecode.swift; path = AppDelegate.swift; sourceTree = "<group>"; };
		9010203C243354F80049735A /* SceneDelegate.swift */ = {isa = PBXFileReference; lastKnownFileType = sourcecode.swift; path = SceneDelegate.swift; sourceTree = "<group>"; };
		9010203E243354F80049735A /* ViewController.swift */ = {isa = PBXFileReference; lastKnownFileType = sourcecode.swift; path = ViewController.swift; sourceTree = "<group>"; };
		90102041243354F80049735A /* Base */ = {isa = PBXFileReference; lastKnownFileType = file.storyboard; name = Base; path = Base.lproj/Main.storyboard; sourceTree = "<group>"; };
		90102043243355040049735A /* Assets.xcassets */ = {isa = PBXFileReference; lastKnownFileType = folder.assetcatalog; path = Assets.xcassets; sourceTree = "<group>"; };
		90102046243355040049735A /* Base */ = {isa = PBXFileReference; lastKnownFileType = file.storyboard; name = Base; path = Base.lproj/LaunchScreen.storyboard; sourceTree = "<group>"; };
		90102048243355040049735A /* Info.plist */ = {isa = PBXFileReference; lastKnownFileType = text.plist.xml; path = Info.plist; sourceTree = "<group>"; };
		9010204D243355040049735A /* ChatbotTestAppTests.xctest */ = {isa = PBXFileReference; explicitFileType = wrapper.cfbundle; includeInIndex = 0; path = ChatbotTestAppTests.xctest; sourceTree = BUILT_PRODUCTS_DIR; };
		90102051243355040049735A /* ChatbotTestAppTests.swift */ = {isa = PBXFileReference; lastKnownFileType = sourcecode.swift; path = ChatbotTestAppTests.swift; sourceTree = "<group>"; };
		90102053243355040049735A /* Info.plist */ = {isa = PBXFileReference; lastKnownFileType = text.plist.xml; path = Info.plist; sourceTree = "<group>"; };
		9351BF9E80186127FB9A4E71 /* Pods_ChatbotTestApp.framework */ = {isa = PBXFileReference; explicitFileType = wrapper.framework; includeInIndex = 0; path = Pods_ChatbotTestApp.framework; sourceTree = BUILT_PRODUCTS_DIR; };
		97553F736125AD9B39C0875F /* Pods-ChatbotTestAppTests.release.xcconfig */ = {isa = PBXFileReference; includeInIndex = 1; lastKnownFileType = text.xcconfig; name = "Pods-ChatbotTestAppTests.release.xcconfig"; path = "Target Support Files/Pods-ChatbotTestAppTests/Pods-ChatbotTestAppTests.release.xcconfig"; sourceTree = "<group>"; };
		ECC66511F8555115A9091F55 /* Pods-ChatbotTestApp.debug.xcconfig */ = {isa = PBXFileReference; includeInIndex = 1; lastKnownFileType = text.xcconfig; name = "Pods-ChatbotTestApp.debug.xcconfig"; path = "Target Support Files/Pods-ChatbotTestApp/Pods-ChatbotTestApp.debug.xcconfig"; sourceTree = "<group>"; };
		F53F1708BBCB37ADAAD81580 /* Pods_ChatbotTestAppTests.framework */ = {isa = PBXFileReference; explicitFileType = wrapper.framework; includeInIndex = 0; path = Pods_ChatbotTestAppTests.framework; sourceTree = BUILT_PRODUCTS_DIR; };
/* End PBXFileReference section */

/* Begin PBXFrameworksBuildPhase section */
		90102034243354F80049735A /* Frameworks */ = {
			isa = PBXFrameworksBuildPhase;
			buildActionMask = 2147483647;
			files = (
				D35B8F875245302D0AD3A56E /* Pods_ChatbotTestApp.framework in Frameworks */,
			);
			runOnlyForDeploymentPostprocessing = 0;
		};
		9010204A243355040049735A /* Frameworks */ = {
			isa = PBXFrameworksBuildPhase;
			buildActionMask = 2147483647;
			files = (
				1CFA62013FCAF455CB794690 /* Pods_ChatbotTestAppTests.framework in Frameworks */,
			);
			runOnlyForDeploymentPostprocessing = 0;
		};
/* End PBXFrameworksBuildPhase section */

/* Begin PBXGroup section */
		1C246E46332144FFF43FC081 /* Frameworks */ = {
			isa = PBXGroup;
			children = (
				9351BF9E80186127FB9A4E71 /* Pods_ChatbotTestApp.framework */,
				F53F1708BBCB37ADAAD81580 /* Pods_ChatbotTestAppTests.framework */,
			);
			name = Frameworks;
			sourceTree = "<group>";
		};
		73CA6561130034E4BACB9C26 /* Pods */ = {
			isa = PBXGroup;
			children = (
				ECC66511F8555115A9091F55 /* Pods-ChatbotTestApp.debug.xcconfig */,
				2D8CE248B12141B9614FAD7A /* Pods-ChatbotTestApp.release.xcconfig */,
				406E43727595F9A6771621B5 /* Pods-ChatbotTestAppTests.debug.xcconfig */,
				97553F736125AD9B39C0875F /* Pods-ChatbotTestAppTests.release.xcconfig */,
			);
			name = Pods;
			path = Pods;
			sourceTree = "<group>";
		};
		9010202E243354F80049735A = {
			isa = PBXGroup;
			children = (
				90102039243354F80049735A /* ChatbotTestApp */,
				90102050243355040049735A /* ChatbotTestAppTests */,
				90102038243354F80049735A /* Products */,
				73CA6561130034E4BACB9C26 /* Pods */,
				1C246E46332144FFF43FC081 /* Frameworks */,
			);
			sourceTree = "<group>";
		};
		90102038243354F80049735A /* Products */ = {
			isa = PBXGroup;
			children = (
				90102037243354F80049735A /* ChatbotTestApp.app */,
				9010204D243355040049735A /* ChatbotTestAppTests.xctest */,
			);
			name = Products;
			sourceTree = "<group>";
		};
		90102039243354F80049735A /* ChatbotTestApp */ = {
			isa = PBXGroup;
			children = (
				9010203A243354F80049735A /* AppDelegate.swift */,
				9010203C243354F80049735A /* SceneDelegate.swift */,
				9010203E243354F80049735A /* ViewController.swift */,
				90102040243354F80049735A /* Main.storyboard */,
				90102043243355040049735A /* Assets.xcassets */,
				90102045243355040049735A /* LaunchScreen.storyboard */,
				90102048243355040049735A /* Info.plist */,
			);
			path = ChatbotTestApp;
			sourceTree = "<group>";
		};
		90102050243355040049735A /* ChatbotTestAppTests */ = {
			isa = PBXGroup;
			children = (
				90102051243355040049735A /* ChatbotTestAppTests.swift */,
				90102053243355040049735A /* Info.plist */,
			);
			path = ChatbotTestAppTests;
			sourceTree = "<group>";
		};
/* End PBXGroup section */

/* Begin PBXNativeTarget section */
		90102036243354F80049735A /* ChatbotTestApp */ = {
			isa = PBXNativeTarget;
			buildConfigurationList = 90102056243355040049735A /* Build configuration list for PBXNativeTarget "ChatbotTestApp" */;
			buildPhases = (
				C6F97F97E8E1EDF9E4A21DC5 /* [CP] Check Pods Manifest.lock */,
				90102033243354F80049735A /* Sources */,
				90102034243354F80049735A /* Frameworks */,
				90102035243354F80049735A /* Resources */,
				A6FCAC9297B9255C09774F00 /* [CP] Embed Pods Frameworks */,
			);
			buildRules = (
			);
			dependencies = (
			);
			name = ChatbotTestApp;
			productName = ChatbotTestApp;
			productReference = 90102037243354F80049735A /* ChatbotTestApp.app */;
			productType = "com.apple.product-type.application";
		};
		9010204C243355040049735A /* ChatbotTestAppTests */ = {
			isa = PBXNativeTarget;
			buildConfigurationList = 90102059243355040049735A /* Build configuration list for PBXNativeTarget "ChatbotTestAppTests" */;
			buildPhases = (
				0E787A969C105E1DC9096CFE /* [CP] Check Pods Manifest.lock */,
				90102049243355040049735A /* Sources */,
				9010204A243355040049735A /* Frameworks */,
				9010204B243355040049735A /* Resources */,
			);
			buildRules = (
			);
			dependencies = (
				9010204F243355040049735A /* PBXTargetDependency */,
			);
			name = ChatbotTestAppTests;
			productName = ChatbotTestAppTests;
			productReference = 9010204D243355040049735A /* ChatbotTestAppTests.xctest */;
			productType = "com.apple.product-type.bundle.unit-test";
		};
/* End PBXNativeTarget section */

/* Begin PBXProject section */
		9010202F243354F80049735A /* Project object */ = {
			isa = PBXProject;
			attributes = {
				LastSwiftUpdateCheck = 1130;
				LastUpgradeCheck = 1130;
				ORGANIZATIONNAME = "Ashutosh Dave";
				TargetAttributes = {
					90102036243354F80049735A = {
						CreatedOnToolsVersion = 11.3.1;
					};
					9010204C243355040049735A = {
						CreatedOnToolsVersion = 11.3.1;
						TestTargetID = 90102036243354F80049735A;
					};
				};
			};
			buildConfigurationList = 90102032243354F80049735A /* Build configuration list for PBXProject "ChatbotTestApp" */;
			compatibilityVersion = "Xcode 9.3";
			developmentRegion = en;
			hasScannedForEncodings = 0;
			knownRegions = (
				en,
				Base,
			);
			mainGroup = 9010202E243354F80049735A;
			productRefGroup = 90102038243354F80049735A /* Products */;
			projectDirPath = "";
			projectRoot = "";
			targets = (
				90102036243354F80049735A /* ChatbotTestApp */,
				9010204C243355040049735A /* ChatbotTestAppTests */,
			);
		};
/* End PBXProject section */

/* Begin PBXResourcesBuildPhase section */
		90102035243354F80049735A /* Resources */ = {
			isa = PBXResourcesBuildPhase;
			buildActionMask = 2147483647;
			files = (
				90102047243355040049735A /* LaunchScreen.storyboard in Resources */,
				90102044243355040049735A /* Assets.xcassets in Resources */,
				90102042243354F80049735A /* Main.storyboard in Resources */,
			);
			runOnlyForDeploymentPostprocessing = 0;
		};
		9010204B243355040049735A /* Resources */ = {
			isa = PBXResourcesBuildPhase;
			buildActionMask = 2147483647;
			files = (
			);
			runOnlyForDeploymentPostprocessing = 0;
		};
/* End PBXResourcesBuildPhase section */

/* Begin PBXShellScriptBuildPhase section */
		0E787A969C105E1DC9096CFE /* [CP] Check Pods Manifest.lock */ = {
			isa = PBXShellScriptBuildPhase;
			buildActionMask = 2147483647;
			files = (
			);
			inputFileListPaths = (
			);
			inputPaths = (
				"${PODS_PODFILE_DIR_PATH}/Podfile.lock",
				"${PODS_ROOT}/Manifest.lock",
			);
			name = "[CP] Check Pods Manifest.lock";
			outputFileListPaths = (
			);
			outputPaths = (
				"$(DERIVED_FILE_DIR)/Pods-ChatbotTestAppTests-checkManifestLockResult.txt",
			);
			runOnlyForDeploymentPostprocessing = 0;
			shellPath = /bin/sh;
			shellScript = "diff \"${PODS_PODFILE_DIR_PATH}/Podfile.lock\" \"${PODS_ROOT}/Manifest.lock\" > /dev/null\nif [ $? != 0 ] ; then\n    # print error to STDERR\n    echo \"error: The sandbox is not in sync with the Podfile.lock. Run 'pod install' or update your CocoaPods installation.\" >&2\n    exit 1\nfi\n# This output is used by Xcode 'outputs' to avoid re-running this script phase.\necho \"SUCCESS\" > \"${SCRIPT_OUTPUT_FILE_0}\"\n";
			showEnvVarsInLog = 0;
		};
		A6FCAC9297B9255C09774F00 /* [CP] Embed Pods Frameworks */ = {
			isa = PBXShellScriptBuildPhase;
			buildActionMask = 2147483647;
			files = (
			);
			inputFileListPaths = (
				"${PODS_ROOT}/Target Support Files/Pods-ChatbotTestApp/Pods-ChatbotTestApp-frameworks-${CONFIGURATION}-input-files.xcfilelist",
			);
			name = "[CP] Embed Pods Frameworks";
			outputFileListPaths = (
				"${PODS_ROOT}/Target Support Files/Pods-ChatbotTestApp/Pods-ChatbotTestApp-frameworks-${CONFIGURATION}-output-files.xcfilelist",
			);
			runOnlyForDeploymentPostprocessing = 0;
			shellPath = /bin/sh;
			shellScript = "\"${PODS_ROOT}/Target Support Files/Pods-ChatbotTestApp/Pods-ChatbotTestApp-frameworks.sh\"\n";
			showEnvVarsInLog = 0;
		};
		C6F97F97E8E1EDF9E4A21DC5 /* [CP] Check Pods Manifest.lock */ = {
			isa = PBXShellScriptBuildPhase;
			buildActionMask = 2147483647;
			files = (
			);
			inputFileListPaths = (
			);
			inputPaths = (
				"${PODS_PODFILE_DIR_PATH}/Podfile.lock",
				"${PODS_ROOT}/Manifest.lock",
			);
			name = "[CP] Check Pods Manifest.lock";
			outputFileListPaths = (
			);
			outputPaths = (
				"$(DERIVED_FILE_DIR)/Pods-ChatbotTestApp-checkManifestLockResult.txt",
			);
			runOnlyForDeploymentPostprocessing = 0;
			shellPath = /bin/sh;
			shellScript = "diff \"${PODS_PODFILE_DIR_PATH}/Podfile.lock\" \"${PODS_ROOT}/Manifest.lock\" > /dev/null\nif [ $? != 0 ] ; then\n    # print error to STDERR\n    echo \"error: The sandbox is not in sync with the Podfile.lock. Run 'pod install' or update your CocoaPods installation.\" >&2\n    exit 1\nfi\n# This output is used by Xcode 'outputs' to avoid re-running this script phase.\necho \"SUCCESS\" > \"${SCRIPT_OUTPUT_FILE_0}\"\n";
			showEnvVarsInLog = 0;
		};
/* End PBXShellScriptBuildPhase section */

/* Begin PBXSourcesBuildPhase section */
		90102033243354F80049735A /* Sources */ = {
			isa = PBXSourcesBuildPhase;
			buildActionMask = 2147483647;
			files = (
				9010203F243354F80049735A /* ViewController.swift in Sources */,
				9010203B243354F80049735A /* AppDelegate.swift in Sources */,
				9010203D243354F80049735A /* SceneDelegate.swift in Sources */,
			);
			runOnlyForDeploymentPostprocessing = 0;
		};
		90102049243355040049735A /* Sources */ = {
			isa = PBXSourcesBuildPhase;
			buildActionMask = 2147483647;
			files = (
				90102052243355040049735A /* ChatbotTestAppTests.swift in Sources */,
			);
			runOnlyForDeploymentPostprocessing = 0;
		};
/* End PBXSourcesBuildPhase section */

/* Begin PBXTargetDependency section */
		9010204F243355040049735A /* PBXTargetDependency */ = {
			isa = PBXTargetDependency;
			target = 90102036243354F80049735A /* ChatbotTestApp */;
			targetProxy = 9010204E243355040049735A /* PBXContainerItemProxy */;
		};
/* End PBXTargetDependency section */

/* Begin PBXVariantGroup section */
		90102040243354F80049735A /* Main.storyboard */ = {
			isa = PBXVariantGroup;
			children = (
				90102041243354F80049735A /* Base */,
			);
			name = Main.storyboard;
			sourceTree = "<group>";
		};
		90102045243355040049735A /* LaunchScreen.storyboard */ = {
			isa = PBXVariantGroup;
			children = (
				90102046243355040049735A /* Base */,
			);
			name = LaunchScreen.storyboard;
			sourceTree = "<group>";
		};
/* End PBXVariantGroup section */

/* Begin XCBuildConfiguration section */
		90102054243355040049735A /* Debug */ = {
			isa = XCBuildConfiguration;
			buildSettings = {
				ALWAYS_SEARCH_USER_PATHS = NO;
				CLANG_ANALYZER_NONNULL = YES;
				CLANG_ANALYZER_NUMBER_OBJECT_CONVERSION = YES_AGGRESSIVE;
				CLANG_CXX_LANGUAGE_STANDARD = "gnu++14";
				CLANG_CXX_LIBRARY = "libc++";
				CLANG_ENABLE_MODULES = YES;
				CLANG_ENABLE_OBJC_ARC = YES;
				CLANG_ENABLE_OBJC_WEAK = YES;
				CLANG_WARN_BLOCK_CAPTURE_AUTORELEASING = YES;
				CLANG_WARN_BOOL_CONVERSION = YES;
				CLANG_WARN_COMMA = YES;
				CLANG_WARN_CONSTANT_CONVERSION = YES;
				CLANG_WARN_DEPRECATED_OBJC_IMPLEMENTATIONS = YES;
				CLANG_WARN_DIRECT_OBJC_ISA_USAGE = YES_ERROR;
				CLANG_WARN_DOCUMENTATION_COMMENTS = YES;
				CLANG_WARN_EMPTY_BODY = YES;
				CLANG_WARN_ENUM_CONVERSION = YES;
				CLANG_WARN_INFINITE_RECURSION = YES;
				CLANG_WARN_INT_CONVERSION = YES;
				CLANG_WARN_NON_LITERAL_NULL_CONVERSION = YES;
				CLANG_WARN_OBJC_IMPLICIT_RETAIN_SELF = YES;
				CLANG_WARN_OBJC_LITERAL_CONVERSION = YES;
				CLANG_WARN_OBJC_ROOT_CLASS = YES_ERROR;
				CLANG_WARN_RANGE_LOOP_ANALYSIS = YES;
				CLANG_WARN_STRICT_PROTOTYPES = YES;
				CLANG_WARN_SUSPICIOUS_MOVE = YES;
				CLANG_WARN_UNGUARDED_AVAILABILITY = YES_AGGRESSIVE;
				CLANG_WARN_UNREACHABLE_CODE = YES;
				CLANG_WARN__DUPLICATE_METHOD_MATCH = YES;
				COPY_PHASE_STRIP = NO;
				DEBUG_INFORMATION_FORMAT = dwarf;
				ENABLE_STRICT_OBJC_MSGSEND = YES;
				ENABLE_TESTABILITY = YES;
				GCC_C_LANGUAGE_STANDARD = gnu11;
				GCC_DYNAMIC_NO_PIC = NO;
				GCC_NO_COMMON_BLOCKS = YES;
				GCC_OPTIMIZATION_LEVEL = 0;
				GCC_PREPROCESSOR_DEFINITIONS = (
					"DEBUG=1",
					"$(inherited)",
				);
				GCC_WARN_64_TO_32_BIT_CONVERSION = YES;
				GCC_WARN_ABOUT_RETURN_TYPE = YES_ERROR;
				GCC_WARN_UNDECLARED_SELECTOR = YES;
				GCC_WARN_UNINITIALIZED_AUTOS = YES_AGGRESSIVE;
				GCC_WARN_UNUSED_FUNCTION = YES;
				GCC_WARN_UNUSED_VARIABLE = YES;
				IPHONEOS_DEPLOYMENT_TARGET = 13.2;
				MTL_ENABLE_DEBUG_INFO = INCLUDE_SOURCE;
				MTL_FAST_MATH = YES;
				ONLY_ACTIVE_ARCH = YES;
				SDKROOT = iphoneos;
				SWIFT_ACTIVE_COMPILATION_CONDITIONS = DEBUG;
				SWIFT_OPTIMIZATION_LEVEL = "-Onone";
			};
			name = Debug;
		};
		90102055243355040049735A /* Release */ = {
			isa = XCBuildConfiguration;
			buildSettings = {
				ALWAYS_SEARCH_USER_PATHS = NO;
				CLANG_ANALYZER_NONNULL = YES;
				CLANG_ANALYZER_NUMBER_OBJECT_CONVERSION = YES_AGGRESSIVE;
				CLANG_CXX_LANGUAGE_STANDARD = "gnu++14";
				CLANG_CXX_LIBRARY = "libc++";
				CLANG_ENABLE_MODULES = YES;
				CLANG_ENABLE_OBJC_ARC = YES;
				CLANG_ENABLE_OBJC_WEAK = YES;
				CLANG_WARN_BLOCK_CAPTURE_AUTORELEASING = YES;
				CLANG_WARN_BOOL_CONVERSION = YES;
				CLANG_WARN_COMMA = YES;
				CLANG_WARN_CONSTANT_CONVERSION = YES;
				CLANG_WARN_DEPRECATED_OBJC_IMPLEMENTATIONS = YES;
				CLANG_WARN_DIRECT_OBJC_ISA_USAGE = YES_ERROR;
				CLANG_WARN_DOCUMENTATION_COMMENTS = YES;
				CLANG_WARN_EMPTY_BODY = YES;
				CLANG_WARN_ENUM_CONVERSION = YES;
				CLANG_WARN_INFINITE_RECURSION = YES;
				CLANG_WARN_INT_CONVERSION = YES;
				CLANG_WARN_NON_LITERAL_NULL_CONVERSION = YES;
				CLANG_WARN_OBJC_IMPLICIT_RETAIN_SELF = YES;
				CLANG_WARN_OBJC_LITERAL_CONVERSION = YES;
				CLANG_WARN_OBJC_ROOT_CLASS = YES_ERROR;
				CLANG_WARN_RANGE_LOOP_ANALYSIS = YES;
				CLANG_WARN_STRICT_PROTOTYPES = YES;
				CLANG_WARN_SUSPICIOUS_MOVE = YES;
				CLANG_WARN_UNGUARDED_AVAILABILITY = YES_AGGRESSIVE;
				CLANG_WARN_UNREACHABLE_CODE = YES;
				CLANG_WARN__DUPLICATE_METHOD_MATCH = YES;
				COPY_PHASE_STRIP = NO;
				DEBUG_INFORMATION_FORMAT = "dwarf-with-dsym";
				ENABLE_NS_ASSERTIONS = NO;
				ENABLE_STRICT_OBJC_MSGSEND = YES;
				GCC_C_LANGUAGE_STANDARD = gnu11;
				GCC_NO_COMMON_BLOCKS = YES;
				GCC_WARN_64_TO_32_BIT_CONVERSION = YES;
				GCC_WARN_ABOUT_RETURN_TYPE = YES_ERROR;
				GCC_WARN_UNDECLARED_SELECTOR = YES;
				GCC_WARN_UNINITIALIZED_AUTOS = YES_AGGRESSIVE;
				GCC_WARN_UNUSED_FUNCTION = YES;
				GCC_WARN_UNUSED_VARIABLE = YES;
				IPHONEOS_DEPLOYMENT_TARGET = 13.2;
				MTL_ENABLE_DEBUG_INFO = NO;
				MTL_FAST_MATH = YES;
				SDKROOT = iphoneos;
				SWIFT_COMPILATION_MODE = wholemodule;
				SWIFT_OPTIMIZATION_LEVEL = "-O";
				VALIDATE_PRODUCT = YES;
			};
			name = Release;
		};
		90102057243355040049735A /* Debug */ = {
			isa = XCBuildConfiguration;
			baseConfigurationReference = ECC66511F8555115A9091F55 /* Pods-ChatbotTestApp.debug.xcconfig */;
			buildSettings = {
				ASSETCATALOG_COMPILER_APPICON_NAME = AppIcon;
				CODE_SIGN_STYLE = Automatic;
				DEVELOPMENT_TEAM = K47M74PBNB;
				INFOPLIST_FILE = ChatbotTestApp/Info.plist;
				LD_RUNPATH_SEARCH_PATHS = (
					"$(inherited)",
					"@executable_path/Frameworks",
				);
				PRODUCT_BUNDLE_IDENTIFIER = com.ashutosh.ChatbotTestApp;
				PRODUCT_NAME = "$(TARGET_NAME)";
				SWIFT_VERSION = 5.0;
				TARGETED_DEVICE_FAMILY = "1,2";
			};
			name = Debug;
		};
		90102058243355040049735A /* Release */ = {
			isa = XCBuildConfiguration;
			baseConfigurationReference = 2D8CE248B12141B9614FAD7A /* Pods-ChatbotTestApp.release.xcconfig */;
			buildSettings = {
				ASSETCATALOG_COMPILER_APPICON_NAME = AppIcon;
				CODE_SIGN_STYLE = Automatic;
				DEVELOPMENT_TEAM = K47M74PBNB;
				INFOPLIST_FILE = ChatbotTestApp/Info.plist;
				LD_RUNPATH_SEARCH_PATHS = (
					"$(inherited)",
					"@executable_path/Frameworks",
				);
				PRODUCT_BUNDLE_IDENTIFIER = com.ashutosh.ChatbotTestApp;
				PRODUCT_NAME = "$(TARGET_NAME)";
				SWIFT_VERSION = 5.0;
				TARGETED_DEVICE_FAMILY = "1,2";
			};
			name = Release;
		};
		9010205A243355040049735A /* Debug */ = {
			isa = XCBuildConfiguration;
			baseConfigurationReference = 406E43727595F9A6771621B5 /* Pods-ChatbotTestAppTests.debug.xcconfig */;
			buildSettings = {
				ALWAYS_EMBED_SWIFT_STANDARD_LIBRARIES = YES;
				BUNDLE_LOADER = "$(TEST_HOST)";
				CODE_SIGN_STYLE = Automatic;
				DEVELOPMENT_TEAM = K47M74PBNB;
				INFOPLIST_FILE = ChatbotTestAppTests/Info.plist;
				IPHONEOS_DEPLOYMENT_TARGET = 13.2;
				LD_RUNPATH_SEARCH_PATHS = (
					"$(inherited)",
					"@executable_path/Frameworks",
					"@loader_path/Frameworks",
				);
				PRODUCT_BUNDLE_IDENTIFIER = com.ashutosh.ChatbotTestAppTests;
				PRODUCT_NAME = "$(TARGET_NAME)";
				SWIFT_VERSION = 5.0;
				TARGETED_DEVICE_FAMILY = "1,2";
				TEST_HOST = "$(BUILT_PRODUCTS_DIR)/ChatbotTestApp.app/ChatbotTestApp";
			};
			name = Debug;
		};
		9010205B243355040049735A /* Release */ = {
			isa = XCBuildConfiguration;
			baseConfigurationReference = 97553F736125AD9B39C0875F /* Pods-ChatbotTestAppTests.release.xcconfig */;
			buildSettings = {
				ALWAYS_EMBED_SWIFT_STANDARD_LIBRARIES = YES;
				BUNDLE_LOADER = "$(TEST_HOST)";
				CODE_SIGN_STYLE = Automatic;
				DEVELOPMENT_TEAM = K47M74PBNB;
				INFOPLIST_FILE = ChatbotTestAppTests/Info.plist;
				IPHONEOS_DEPLOYMENT_TARGET = 13.2;
				LD_RUNPATH_SEARCH_PATHS = (
					"$(inherited)",
					"@executable_path/Frameworks",
					"@loader_path/Frameworks",
				);
				PRODUCT_BUNDLE_IDENTIFIER = com.ashutosh.ChatbotTestAppTests;
				PRODUCT_NAME = "$(TARGET_NAME)";
				SWIFT_VERSION = 5.0;
				TARGETED_DEVICE_FAMILY = "1,2";
				TEST_HOST = "$(BUILT_PRODUCTS_DIR)/ChatbotTestApp.app/ChatbotTestApp";
			};
			name = Release;
		};
/* End XCBuildConfiguration section */

/* Begin XCConfigurationList section */
		90102032243354F80049735A /* Build configuration list for PBXProject "ChatbotTestApp" */ = {
			isa = XCConfigurationList;
			buildConfigurations = (
				90102054243355040049735A /* Debug */,
				90102055243355040049735A /* Release */,
			);
			defaultConfigurationIsVisible = 0;
			defaultConfigurationName = Release;
		};
		90102056243355040049735A /* Build configuration list for PBXNativeTarget "ChatbotTestApp" */ = {
			isa = XCConfigurationList;
			buildConfigurations = (
				90102057243355040049735A /* Debug */,
				90102058243355040049735A /* Release */,
			);
			defaultConfigurationIsVisible = 0;
			defaultConfigurationName = Release;
		};
		90102059243355040049735A /* Build configuration list for PBXNativeTarget "ChatbotTestAppTests" */ = {
			isa = XCConfigurationList;
			buildConfigurations = (
				9010205A243355040049735A /* Debug */,
				9010205B243355040049735A /* Release */,
			);
			defaultConfigurationIsVisible = 0;
			defaultConfigurationName = Release;
		};
/* End XCConfigurationList section */
	};
	rootObject = 9010202F243354F80049735A /* Project object */;
}
